# @generated - this file is auto-generated by `mise lock` https://mise.jdx.dev/dev-tools/mise-lock.html

[[tools.node]]
version = "26.2.0"
backend = "core:node"

[tools.node."platforms.linux-arm64"]
checksum = "sha256:bf52461d25017479cdc549642c4e7a2303ac5c5395d7c3d026d5d8b3fa283c05"
url = "https://nodejs.org/dist/v26.2.0/node-v26.2.0-linux-arm64.tar.gz"

[tools.node."platforms.linux-arm64-musl"]
checksum = "sha256:bf52461d25017479cdc549642c4e7a2303ac5c5395d7c3d026d5d8b3fa283c05"
url = "https://nodejs.org/dist/v26.2.0/node-v26.2.0-linux-arm64.tar.gz"

[tools.node."platforms.linux-x64"]
checksum = "sha256:8e5b4b969bb2414aca2ff84d2b99608511aedca32bf8a8427e6187dbdd703bbe"
url = "https://nodejs.org/dist/v26.2.0/node-v26.2.0-linux-x64.tar.gz"

[tools.node."platforms.linux-x64-musl"]
checksum = "sha256:8e5b4b969bb2414aca2ff84d2b99608511aedca32bf8a8427e6187dbdd703bbe"
url = "https://nodejs.org/dist/v26.2.0/node-v26.2.0-linux-x64.tar.gz"

[tools.node."platforms.macos-arm64"]
checksum = "sha256:2d8575b6a749c0bc66cc6ecd22a952f7d9bbf3b0ea76fcb0ed3ce858018afff7"
url = "https://nodejs.org/dist/v26.2.0/node-v26.2.0-darwin-arm64.tar.gz"

[tools.node."platforms.macos-x64"]
checksum = "sha256:26a5480d0dd952be86beae83e6636dacd7a3ffd17ef51d0b26bc9b260f2b42e9"
url = "https://nodejs.org/dist/v26.2.0/node-v26.2.0-darwin-x64.tar.gz"

[tools.node."platforms.windows-x64"]
checksum = "sha256:371071a4f7e2c8a5dd280730049c685911feecc59f50ebc488d675dc1087c69c"
url = "https://nodejs.org/dist/v26.2.0/node-v26.2.0-win-x64.zip"

[[tools.pnpm]]
version = "10.33.4"
backend = "aqua:pnpm/pnpm"

[tools.pnpm."platforms.linux-arm64"]
checksum = "sha256:d29649c7380b5cd522f574208fbd35335846686498f45004604d3f5b8658b5cb"
url = "https://github.com/pnpm/pnpm/releases/download/v10.33.4/pnpm-linux-arm64"

[tools.pnpm."platforms.linux-arm64-musl"]
checksum = "sha256:d29649c7380b5cd522f574208fbd35335846686498f45004604d3f5b8658b5cb"
url = "https://github.com/pnpm/pnpm/releases/download/v10.33.4/pnpm-linux-arm64"

[tools.pnpm."platforms.linux-x64"]
checksum = "sha256:ff1795595535a10d0dfe327303f3dd02377be141190b1f5756de68edde2cf813"
url = "https://github.com/pnpm/pnpm/releases/download/v10.33.4/pnpm-linux-x64"

[tools.pnpm."platforms.linux-x64-musl"]
checksum = "sha256:ff1795595535a10d0dfe327303f3dd02377be141190b1f5756de68edde2cf813"
url = "https://github.com/pnpm/pnpm/releases/download/v10.33.4/pnpm-linux-x64"

[tools.pnpm."platforms.macos-arm64"]
checksum = "sha256:7aae186a04e1ffaa0047d43cd07d68a98dec303304f28be52234ba955d26c671"
url = "https://github.com/pnpm/pnpm/releases/download/v10.33.4/pnpm-macos-arm64"

[tools.pnpm."platforms.macos-x64"]
checksum = "sha256:3b0c97b9f794cdda293949a8ee0e0151ca08f512f4a832408386221c7c73eec6"
url = "https://github.com/pnpm/pnpm/releases/download/v10.33.4/pnpm-macos-x64"

[tools.pnpm."platforms.windows-x64"]
checksum = "sha256:3268b2f29defe0dce8a3a26c0ef01488f0d4aa4872923173186ef618ab7d68ef"
url = "https://github.com/pnpm/pnpm/releases/download/v10.33.4/pnpm-win-x64.exe"
